# THIS IS AN AUTOGENERATED FILE. DO NOT EDIT THIS FILE DIRECTLY.
# yarn lockfile v1


"@types/lodash@^4.14.168":
  version "4.14.196"
  resolved "https://registry.yarnpkg.com/@types/lodash/-/lodash-4.14.196.tgz#a7c3d6fc52d8d71328b764e28e080b4169ec7a95"
  integrity sha512-22y3o88f4a94mKljsZcanlNWPzO0uBsBdzLAngf2tp533LzZcQzb6+eZPJ+vCTt+bqF2XnvT9gejTLsAcJAJyQ==

fast-xml-parser@^4.2.2:
  version "4.2.7"
  resolved "https://registry.yarnpkg.com/fast-xml-parser/-/fast-xml-parser-4.2.7.tgz#871f2ca299dc4334b29f8da3658c164e68395167"
  integrity sha512-J8r6BriSLO1uj2miOk1NW0YVm8AGOOu3Si2HQp/cSmo6EA4m3fcwu2WKjJ4RK9wMLBtg69y1kS8baDiQBR41Ig==
  dependencies:
    strnum "^1.0.5"

geostyler-sld-parser@^5.1.0:
  version "5.1.0"
  resolved "https://registry.yarnpkg.com/geostyler-sld-parser/-/geostyler-sld-parser-5.1.0.tgz#d90da956accd7ce9953345329cb0a187621d75c2"
  integrity sha512-qdy4BaiyRuwC7+JJfZ9pWNr9PPSvVKyn/NMWVLq23DXd9W4XmUA2X40oyJf9ChjrTnKuvAydmFf5JANHhjzXqg==
  dependencies:
    fast-xml-parser "^4.2.2"
    geostyler-style "^7.3.1"
    lodash "^4.17.21"

geostyler-style@^7.3.1:
  version "7.3.1"
  resolved "https://registry.yarnpkg.com/geostyler-style/-/geostyler-style-7.3.1.tgz#f22dbe1f39a9874eeaff33a15dc587a4281007f0"
  integrity sha512-9KOXmtRt0O7lhwWfmRORM5l3j3H1uR52NFHlHv1qTb1hgNGZIPhLUrGCaoceUdNkD9+P/Cjiqsea+X+H8h64zw==
  dependencies:
    "@types/lodash" "^4.14.168"
    lodash "^4.17.21"

lodash@^4.17.21:
  version "4.17.21"
  resolved "https://registry.yarnpkg.com/lodash/-/lodash-4.17.21.tgz#679591c564c3bffaae8454cf0b3df370c3d6911c"
  integrity sha512-v2kDEe57lecTulaDIuNTPy3Ry4gLGJ6Z1O3vE1krgXZNrsQ+LFTGHVxVjcXPs17LhbZVGedAJv8XZ1tvj5FvSg==

strnum@^1.0.5:
  version "1.0.5"
  resolved "https://registry.yarnpkg.com/strnum/-/strnum-1.0.5.tgz#5c4e829fe15ad4ff0d20c3db5ac97b73c9b072db"
  integrity sha512-J8bbNyKKXl5qYcR36TIO8W3mVGVHrmmxsd5PAItGkmyzwJvybiw2IVq5nqd0i4LSNSkB/sx9VHllbfFdr9k1JA==
